
Microsoft Visual Studio Solution File, Format Version 12.00
# Visual Studio Version 17
VisualStudioVersion = 17.10.34707.107
MinimumVisualStudioVersion = 10.0.40219.1
Project("{8BC9CEB8-8B4A-11D0-8D11-00A0C91BC942}") = "seach  in array", "seach  in array\seach  in array.vcxproj", "{14F1B793-7FD1-4CAD-8F0E-C32D318FCABF}"
EndProject
Global
	GlobalSection(SolutionConfigurationPlatforms) = preSolution
		Debug|x64 = Debug|x64
		Debug|x86 = Debug|x86
		Release|x64 = Release|x64
		Release|x86 = Release|x86
	EndGlobalSection
	GlobalSection(ProjectConfigurationPlatforms) = postSolution
		{14F1B793-7FD1-4CAD-8F0E-C32D318FCABF}.Debug|x64.ActiveCfg = Debug|x64
		{14F1B793-7FD1-4CAD-8F0E-C32D318FCABF}.Debug|x64.Build.0 = Debug|x64
		{14F1B793-7FD1-4CAD-8F0E-C32D318FCABF}.Debug|x86.ActiveCfg = Debug|Win32
		{14F1B793-7FD1-4CAD-8F0E-C32D318FCABF}.Debug|x86.Build.0 = Debug|Win32
		{14F1B793-7FD1-4CAD-8F0E-C32D318FCABF}.Release|x64.ActiveCfg = Release|x64
		{14F1B793-7FD1-4CAD-8F0E-C32D318FCABF}.Release|x64.Build.0 = Release|x64
		{14F1B793-7FD1-4CAD-8F0E-C32D318FCABF}.Release|x86.ActiveCfg = Release|Win32
		{14F1B793-7FD1-4CAD-8F0E-C32D318FCABF}.Release|x86.Build.0 = Release|Win32
	EndGlobalSection
	GlobalSection(SolutionProperties) = preSolution
		HideSolutionNode = FALSE
	EndGlobalSection
	GlobalSection(ExtensibilityGlobals) = postSolution
		SolutionGuid = {D8D6A10A-85B9-4882-9646-E486BFB3F35B}
	EndGlobalSection
EndGlobal
